
Microsoft Visual Studio Solution File, Format Version 12.00
Project("{F2A71F9B-5D33-465A-A702-920D77279786}") = "Day1", "Day1\Day1.fsproj", "{0AB91309-8020-4124-AD0E-A210D323D2EB}"
EndProject
Project("{F2A71F9B-5D33-465A-A702-920D77279786}") = "Day2", "Day2\Day2.fsproj", "{8A8C02F0-DC04-45E6-A4D9-DA130796A795}"
EndProject
Project("{F2A71F9B-5D33-465A-A702-920D77279786}") = "Day3", "Day3\Day3.fsproj", "{A23D925F-F2BC-4485-96A4-A9E4EC385937}"
EndProject
Project("{F2A71F9B-5D33-465A-A702-920D77279786}") = "Day4", "Day4\Day4.fsproj", "{F79C2088-A136-4678-8FBA-573D0E06824D}"
EndProject
Project("{F2A71F9B-5D33-465A-A702-920D77279786}") = "Day5", "Day5\Day5.fsproj", "{92741A92-BDB4-4D62-8FC4-D034B949BA10}"
EndProject
Global
	GlobalSection(SolutionConfigurationPlatforms) = preSolution
		Debug|Any CPU = Debug|Any CPU
		Release|Any CPU = Release|Any CPU
	EndGlobalSection
	GlobalSection(ProjectConfigurationPlatforms) = postSolution
		{0AB91309-8020-4124-AD0E-A210D323D2EB}.Debug|Any CPU.ActiveCfg = Debug|Any CPU
		{0AB91309-8020-4124-AD0E-A210D323D2EB}.Debug|Any CPU.Build.0 = Debug|Any CPU
		{0AB91309-8020-4124-AD0E-A210D323D2EB}.Release|Any CPU.ActiveCfg = Release|Any CPU
		{0AB91309-8020-4124-AD0E-A210D323D2EB}.Release|Any CPU.Build.0 = Release|Any CPU
		{8A8C02F0-DC04-45E6-A4D9-DA130796A795}.Debug|Any CPU.ActiveCfg = Debug|Any CPU
		{8A8C02F0-DC04-45E6-A4D9-DA130796A795}.Debug|Any CPU.Build.0 = Debug|Any CPU
		{8A8C02F0-DC04-45E6-A4D9-DA130796A795}.Release|Any CPU.ActiveCfg = Release|Any CPU
		{8A8C02F0-DC04-45E6-A4D9-DA130796A795}.Release|Any CPU.Build.0 = Release|Any CPU
		{A23D925F-F2BC-4485-96A4-A9E4EC385937}.Debug|Any CPU.ActiveCfg = Debug|Any CPU
		{A23D925F-F2BC-4485-96A4-A9E4EC385937}.Debug|Any CPU.Build.0 = Debug|Any CPU
		{A23D925F-F2BC-4485-96A4-A9E4EC385937}.Release|Any CPU.ActiveCfg = Release|Any CPU
		{A23D925F-F2BC-4485-96A4-A9E4EC385937}.Release|Any CPU.Build.0 = Release|Any CPU
		{F79C2088-A136-4678-8FBA-573D0E06824D}.Debug|Any CPU.ActiveCfg = Debug|Any CPU
		{F79C2088-A136-4678-8FBA-573D0E06824D}.Debug|Any CPU.Build.0 = Debug|Any CPU
		{F79C2088-A136-4678-8FBA-573D0E06824D}.Release|Any CPU.ActiveCfg = Release|Any CPU
		{F79C2088-A136-4678-8FBA-573D0E06824D}.Release|Any CPU.Build.0 = Release|Any CPU
		{92741A92-BDB4-4D62-8FC4-D034B949BA10}.Debug|Any CPU.ActiveCfg = Debug|Any CPU
		{92741A92-BDB4-4D62-8FC4-D034B949BA10}.Debug|Any CPU.Build.0 = Debug|Any CPU
		{92741A92-BDB4-4D62-8FC4-D034B949BA10}.Release|Any CPU.ActiveCfg = Release|Any CPU
		{92741A92-BDB4-4D62-8FC4-D034B949BA10}.Release|Any CPU.Build.0 = Release|Any CPU
	EndGlobalSection
EndGlobal
